
Microsoft Visual Studio Solution File, Format Version 12.00
# Visual Studio Version 16
VisualStudioVersion = 16.0.31911.196
MinimumVisualStudioVersion = 10.0.40219.1
Project("{FAE04EC0-301F-11D3-BF4B-00C04F79EFBC}") = "Задание_16_App1", "Задание_16\Задание_16_App1.csproj", "{64FB06A1-6AF0-440C-AD6D-3B34D2869767}"
EndProject
Project("{FAE04EC0-301F-11D3-BF4B-00C04F79EFBC}") = "Задание_16_App2", "Задание_16_App2\Задание_16_App2.csproj", "{23214F75-E491-43D6-A5D2-1EAE2EAEA6EC}"
EndProject
Project("{FAE04EC0-301F-11D3-BF4B-00C04F79EFBC}") = "Тест", "Тест\Тест.csproj", "{675DFCA5-5985-41D2-93CE-1915FA647E61}"
EndProject
Project("{FAE04EC0-301F-11D3-BF4B-00C04F79EFBC}") = "Задание_16_App1_v2", "Задание_16_App1_v2\Задание_16_App1_v2.csproj", "{9C8C2E8D-402C-41DB-AC1F-DFB70EAB4896}"
EndProject
Project("{FAE04EC0-301F-11D3-BF4B-00C04F79EFBC}") = "Задание_16_App2_v2", "Задание_16_App2_v2\Задание_16_App2_v2.csproj", "{64A1F5F7-FCB7-40A1-A32F-D12F32A853A2}"
EndProject
Global
	GlobalSection(SolutionConfigurationPlatforms) = preSolution
		Debug|Any CPU = Debug|Any CPU
		Release|Any CPU = Release|Any CPU
	EndGlobalSection
	GlobalSection(ProjectConfigurationPlatforms) = postSolution
		{64FB06A1-6AF0-440C-AD6D-3B34D2869767}.Debug|Any CPU.ActiveCfg = Debug|Any CPU
		{64FB06A1-6AF0-440C-AD6D-3B34D2869767}.Debug|Any CPU.Build.0 = Debug|Any CPU
		{64FB06A1-6AF0-440C-AD6D-3B34D2869767}.Release|Any CPU.ActiveCfg = Release|Any CPU
		{64FB06A1-6AF0-440C-AD6D-3B34D2869767}.Release|Any CPU.Build.0 = Release|Any CPU
		{23214F75-E491-43D6-A5D2-1EAE2EAEA6EC}.Debug|Any CPU.ActiveCfg = Debug|Any CPU
		{23214F75-E491-43D6-A5D2-1EAE2EAEA6EC}.Debug|Any CPU.Build.0 = Debug|Any CPU
		{23214F75-E491-43D6-A5D2-1EAE2EAEA6EC}.Release|Any CPU.ActiveCfg = Release|Any CPU
		{23214F75-E491-43D6-A5D2-1EAE2EAEA6EC}.Release|Any CPU.Build.0 = Release|Any CPU
		{675DFCA5-5985-41D2-93CE-1915FA647E61}.Debug|Any CPU.ActiveCfg = Debug|Any CPU
		{675DFCA5-5985-41D2-93CE-1915FA647E61}.Debug|Any CPU.Build.0 = Debug|Any CPU
		{675DFCA5-5985-41D2-93CE-1915FA647E61}.Release|Any CPU.ActiveCfg = Release|Any CPU
		{675DFCA5-5985-41D2-93CE-1915FA647E61}.Release|Any CPU.Build.0 = Release|Any CPU
		{9C8C2E8D-402C-41DB-AC1F-DFB70EAB4896}.Debug|Any CPU.ActiveCfg = Debug|Any CPU
		{9C8C2E8D-402C-41DB-AC1F-DFB70EAB4896}.Debug|Any CPU.Build.0 = Debug|Any CPU
		{9C8C2E8D-402C-41DB-AC1F-DFB70EAB4896}.Release|Any CPU.ActiveCfg = Release|Any CPU
		{9C8C2E8D-402C-41DB-AC1F-DFB70EAB4896}.Release|Any CPU.Build.0 = Release|Any CPU
		{64A1F5F7-FCB7-40A1-A32F-D12F32A853A2}.Debug|Any CPU.ActiveCfg = Debug|Any CPU
		{64A1F5F7-FCB7-40A1-A32F-D12F32A853A2}.Debug|Any CPU.Build.0 = Debug|Any CPU
		{64A1F5F7-FCB7-40A1-A32F-D12F32A853A2}.Release|Any CPU.ActiveCfg = Release|Any CPU
		{64A1F5F7-FCB7-40A1-A32F-D12F32A853A2}.Release|Any CPU.Build.0 = Release|Any CPU
	EndGlobalSection
	GlobalSection(SolutionProperties) = preSolution
		HideSolutionNode = FALSE
	EndGlobalSection
	GlobalSection(ExtensibilityGlobals) = postSolution
		SolutionGuid = {DF0C9028-BBCE-46AA-80AD-20BD363DD80C}
	EndGlobalSection
EndGlobal
